
Microsoft Visual Studio Solution File, Format Version 9.00
# Visual Studio 2005
Project("{FAE04EC0-301F-11D3-BF4B-00C04F79EFBC}") = "RegEx Editor", "RegEx Editor\RegEx Editor.csproj", "{A8FD2AF5-650D-43D3-919A-E219D6582244}"
EndProject
Global
	GlobalSection(SolutionConfigurationPlatforms) = preSolution
		Debug|Any CPU = Debug|Any CPU
		Release|Any CPU = Release|Any CPU
	EndGlobalSection
	GlobalSection(ProjectConfigurationPlatforms) = postSolution
		{A8FD2AF5-650D-43D3-919A-E219D6582244}.Debug|Any CPU.ActiveCfg = Debug|Any CPU
		{A8FD2AF5-650D-43D3-919A-E219D6582244}.Debug|Any CPU.Build.0 = Debug|Any CPU
		{A8FD2AF5-650D-43D3-919A-E219D6582244}.Release|Any CPU.ActiveCfg = Release|Any CPU
		{A8FD2AF5-650D-43D3-919A-E219D6582244}.Release|Any CPU.Build.0 = Release|Any CPU
	EndGlobalSection
	GlobalSection(SolutionProperties) = preSolution
		HideSolutionNode = FALSE
	EndGlobalSection
EndGlobal
